// !$*UTF8*$!
{
	archiveVersion = 1;
	classes = {
	};
	objectVersion = 50;
	objects = {

/* Begin PBXBuildFile section */
		0215F89721F3792C00FED60E /* main.swift in Sources */ = {isa = PBXBuildFile; fileRef = 0215F89621F3792C00FED60E /* main.swift */; };
		0215F89F21F379EB00FED60E /* SRP.swift in Sources */ = {isa = PBXBuildFile; fileRef = 0215F89E21F379EB00FED60E /* SRP.swift */; };
		0215F8A221F37E2400FED60E /* OCP.swift in Sources */ = {isa = PBXBuildFile; fileRef = 0215F8A121F37E2400FED60E /* OCP.swift */; };
		0215F8A721F43EC700FED60E /* LSP.swift in Sources */ = {isa = PBXBuildFile; fileRef = 0215F8A621F43EC700FED60E /* LSP.swift */; };
		02C44C2221F818F30040137C /* Builder.swift in Sources */ = {isa = PBXBuildFile; fileRef = 02C44C2121F818F30040137C /* Builder.swift */; };
		02C811AD21F5E8D3000F67F1 /* ISP.swift in Sources */ = {isa = PBXBuildFile; fileRef = 02C811AC21F5E8D3000F67F1 /* ISP.swift */; };
		02C811B121F5EE57000F67F1 /* DIP.swift in Sources */ = {isa = PBXBuildFile; fileRef = 02C811B021F5EE57000F67F1 /* DIP.swift */; };
		09368995221319A600A48A79 /* FluentBuilder.swift in Sources */ = {isa = PBXBuildFile; fileRef = 09368994221319A600A48A79 /* FluentBuilder.swift */; };
		0936899922131FCC00A48A79 /* FacetedBuilder.swift in Sources */ = {isa = PBXBuildFile; fileRef = 0936899822131FCC00A48A79 /* FacetedBuilder.swift */; };
		09C8A7762215C7E50094A9F0 /* Factory.swift in Sources */ = {isa = PBXBuildFile; fileRef = 09C8A7752215C7E50094A9F0 /* Factory.swift */; };
/* End PBXBuildFile section */

/* Begin PBXCopyFilesBuildPhase section */
		0215F89121F3792C00FED60E /* CopyFiles */ = {
			isa = PBXCopyFilesBuildPhase;
			buildActionMask = 2147483647;
			dstPath = /usr/share/man/man1/;
			dstSubfolderSpec = 0;
			files = (
			);
			runOnlyForDeploymentPostprocessing = 1;
		};
/* End PBXCopyFilesBuildPhase section */

/* Begin PBXFileReference section */
		0215F89321F3792C00FED60E /* Design Patterns */ = {isa = PBXFileReference; explicitFileType = "compiled.mach-o.executable"; includeInIndex = 0; path = "Design Patterns"; sourceTree = BUILT_PRODUCTS_DIR; };
		0215F89621F3792C00FED60E /* main.swift */ = {isa = PBXFileReference; lastKnownFileType = sourcecode.swift; path = main.swift; sourceTree = "<group>"; };
		0215F89E21F379EB00FED60E /* SRP.swift */ = {isa = PBXFileReference; lastKnownFileType = sourcecode.swift; path = SRP.swift; sourceTree = "<group>"; };
		0215F8A121F37E2400FED60E /* OCP.swift */ = {isa = PBXFileReference; lastKnownFileType = sourcecode.swift; path = OCP.swift; sourceTree = "<group>"; };
		0215F8A321F382C400FED60E /* README.md */ = {isa = PBXFileReference; lastKnownFileType = net.daringfireball.markdown; path = README.md; sourceTree = "<group>"; };
		0215F8A421F383D800FED60E /* README.md */ = {isa = PBXFileReference; lastKnownFileType = net.daringfireball.markdown; path = README.md; sourceTree = "<group>"; };
		0215F8A621F43EC700FED60E /* LSP.swift */ = {isa = PBXFileReference; lastKnownFileType = sourcecode.swift; path = LSP.swift; sourceTree = "<group>"; };
		0215F8A821F43ED600FED60E /* README.md */ = {isa = PBXFileReference; lastKnownFileType = net.daringfireball.markdown; path = README.md; sourceTree = "<group>"; };
		02C44C1F21F8166E0040137C /* README.md */ = {isa = PBXFileReference; lastKnownFileType = net.daringfireball.markdown; path = README.md; sourceTree = "<group>"; };
		02C44C2121F818F30040137C /* Builder.swift */ = {isa = PBXFileReference; lastKnownFileType = sourcecode.swift; path = Builder.swift; sourceTree = "<group>"; };
		02C44C2321F819450040137C /* README.md */ = {isa = PBXFileReference; lastKnownFileType = net.daringfireball.markdown; path = README.md; sourceTree = "<group>"; };
		02C811AC21F5E8D3000F67F1 /* ISP.swift */ = {isa = PBXFileReference; lastKnownFileType = sourcecode.swift; path = ISP.swift; sourceTree = "<group>"; };
		02C811AE21F5E8E4000F67F1 /* README.md */ = {isa = PBXFileReference; lastKnownFileType = net.daringfireball.markdown; path = README.md; sourceTree = "<group>"; };
		02C811B021F5EE57000F67F1 /* DIP.swift */ = {isa = PBXFileReference; lastKnownFileType = sourcecode.swift; path = DIP.swift; sourceTree = "<group>"; };
		02C811B221F5EE67000F67F1 /* README.md */ = {isa = PBXFileReference; lastKnownFileType = net.daringfireball.markdown; path = README.md; sourceTree = "<group>"; };
		09368994221319A600A48A79 /* FluentBuilder.swift */ = {isa = PBXFileReference; lastKnownFileType = sourcecode.swift; path = FluentBuilder.swift; sourceTree = "<group>"; };
		09368996221319C000A48A79 /* README.md */ = {isa = PBXFileReference; lastKnownFileType = net.daringfireball.markdown; path = README.md; sourceTree = "<group>"; };
		0936899822131FCC00A48A79 /* FacetedBuilder.swift */ = {isa = PBXFileReference; lastKnownFileType = sourcecode.swift; path = FacetedBuilder.swift; sourceTree = "<group>"; };
		0936899A221320C800A48A79 /* README.md */ = {isa = PBXFileReference; lastKnownFileType = net.daringfireball.markdown; path = README.md; sourceTree = "<group>"; };
		09C8A7742215C51E0094A9F0 /* README.md */ = {isa = PBXFileReference; lastKnownFileType = net.daringfireball.markdown; path = README.md; sourceTree = "<group>"; };
		09C8A7752215C7E50094A9F0 /* Factory.swift */ = {isa = PBXFileReference; lastKnownFileType = sourcecode.swift; path = Factory.swift; sourceTree = "<group>"; };
/* End PBXFileReference section */

/* Begin PBXFrameworksBuildPhase section */
		0215F89021F3792C00FED60E /* Frameworks */ = {
			isa = PBXFrameworksBuildPhase;
			buildActionMask = 2147483647;
			files = (
			);
			runOnlyForDeploymentPostprocessing = 0;
		};
/* End PBXFrameworksBuildPhase section */

/* Begin PBXGroup section */
		0215F88A21F3792C00FED60E = {
			isa = PBXGroup;
			children = (
				0215F89521F3792C00FED60E /* Design Patterns */,
				0215F89421F3792C00FED60E /* Products */,
			);
			sourceTree = "<group>";
		};
		0215F89421F3792C00FED60E /* Products */ = {
			isa = PBXGroup;
			children = (
				0215F89321F3792C00FED60E /* Design Patterns */,
			);
			name = Products;
			sourceTree = "<group>";
		};
		0215F89521F3792C00FED60E /* Design Patterns */ = {
			isa = PBXGroup;
			children = (
				09C8A7732215C5090094A9F0 /* Factory */,
				02C44C1E21F816220040137C /* Builder */,
				02C44C1D21F816030040137C /* SOLID */,
				0215F89621F3792C00FED60E /* main.swift */,
			);
			path = "Design Patterns";
			sourceTree = "<group>";
		};
		0215F89D21F379BB00FED60E /* Single Responsiblity Principle */ = {
			isa = PBXGroup;
			children = (
				0215F89E21F379EB00FED60E /* SRP.swift */,
				0215F8A421F383D800FED60E /* README.md */,
			);
			path = "Single Responsiblity Principle";
			sourceTree = "<group>";
		};
		0215F8A021F37E0F00FED60E /* Open Closed Principle */ = {
			isa = PBXGroup;
			children = (
				0215F8A121F37E2400FED60E /* OCP.swift */,
				0215F8A321F382C400FED60E /* README.md */,
			);
			path = "Open Closed Principle";
			sourceTree = "<group>";
		};
		0215F8A521F43E7700FED60E /* Liskov Substitution Principle */ = {
			isa = PBXGroup;
			children = (
				0215F8A621F43EC700FED60E /* LSP.swift */,
				0215F8A821F43ED600FED60E /* README.md */,
			);
			path = "Liskov Substitution Principle";
			sourceTree = "<group>";
		};
		02C44C1D21F816030040137C /* SOLID */ = {
			isa = PBXGroup;
			children = (
				02C811AF21F5EE3F000F67F1 /* Dependency Inversion Principle */,
				02C811AB21F5E8B5000F67F1 /* Interface Segregation Principle */,
				0215F8A521F43E7700FED60E /* Liskov Substitution Principle */,
				0215F8A021F37E0F00FED60E /* Open Closed Principle */,
				0215F89D21F379BB00FED60E /* Single Responsiblity Principle */,
			);
			path = SOLID;
			sourceTree = "<group>";
		};
		02C44C1E21F816220040137C /* Builder */ = {
			isa = PBXGroup;
			children = (
				0936899722131FB600A48A79 /* Faceted Builder */,
				093689932213198C00A48A79 /* Fluent Builder */,
				02C44C2021F818D90040137C /* Builder */,
				02C44C1F21F8166E0040137C /* README.md */,
			);
			path = Builder;
			sourceTree = "<group>";
		};
		02C44C2021F818D90040137C /* Builder */ = {
			isa = PBXGroup;
			children = (
				02C44C2121F818F30040137C /* Builder.swift */,
				02C44C2321F819450040137C /* README.md */,
			);
			path = Builder;
			sourceTree = "<group>";
		};
		02C811AB21F5E8B5000F67F1 /* Interface Segregation Principle */ = {
			isa = PBXGroup;
			children = (
				02C811AC21F5E8D3000F67F1 /* ISP.swift */,
				02C811AE21F5E8E4000F67F1 /* README.md */,
			);
			path = "Interface Segregation Principle";
			sourceTree = "<group>";
		};
		02C811AF21F5EE3F000F67F1 /* Dependency Inversion Principle */ = {
			isa = PBXGroup;
			children = (
				02C811B021F5EE57000F67F1 /* DIP.swift */,
				02C811B221F5EE67000F67F1 /* README.md */,
			);
			path = "Dependency Inversion Principle";
			sourceTree = "<group>";
		};
		093689932213198C00A48A79 /* Fluent Builder */ = {
			isa = PBXGroup;
			children = (
				09368994221319A600A48A79 /* FluentBuilder.swift */,
				09368996221319C000A48A79 /* README.md */,
			);
			path = "Fluent Builder";
			sourceTree = "<group>";
		};
		0936899722131FB600A48A79 /* Faceted Builder */ = {
			isa = PBXGroup;
			children = (
				0936899822131FCC00A48A79 /* FacetedBuilder.swift */,
				0936899A221320C800A48A79 /* README.md */,
			);
			path = "Faceted Builder";
			sourceTree = "<group>";
		};
		09C8A7732215C5090094A9F0 /* Factory */ = {
			isa = PBXGroup;
			children = (
				09C8A7742215C51E0094A9F0 /* README.md */,
				09C8A7752215C7E50094A9F0 /* Factory.swift */,
			);
			path = Factory;
			sourceTree = "<group>";
		};
/* End PBXGroup section */

/* Begin PBXNativeTarget section */
		0215F89221F3792C00FED60E /* Design Patterns */ = {
			isa = PBXNativeTarget;
			buildConfigurationList = 0215F89A21F3792C00FED60E /* Build configuration list for PBXNativeTarget "Design Patterns" */;
			buildPhases = (
				0215F88F21F3792C00FED60E /* Sources */,
				0215F89021F3792C00FED60E /* Frameworks */,
				0215F89121F3792C00FED60E /* CopyFiles */,
			);
			buildRules = (
			);
			dependencies = (
			);
			name = "Design Patterns";
			productName = "Design Patterns";
			productReference = 0215F89321F3792C00FED60E /* Design Patterns */;
			productType = "com.apple.product-type.tool";
		};
/* End PBXNativeTarget section */

/* Begin PBXProject section */
		0215F88B21F3792C00FED60E /* Project object */ = {
			isa = PBXProject;
			attributes = {
				LastSwiftUpdateCheck = 1010;
				LastUpgradeCheck = 1010;
				ORGANIZATIONNAME = aks;
				TargetAttributes = {
					0215F89221F3792C00FED60E = {
						CreatedOnToolsVersion = 10.1;
					};
				};
			};
			buildConfigurationList = 0215F88E21F3792C00FED60E /* Build configuration list for PBXProject "Design Patterns" */;
			compatibilityVersion = "Xcode 9.3";
			developmentRegion = en;
			hasScannedForEncodings = 0;
			knownRegions = (
				en,
			);
			mainGroup = 0215F88A21F3792C00FED60E;
			productRefGroup = 0215F89421F3792C00FED60E /* Products */;
			projectDirPath = "";
			projectRoot = "";
			targets = (
				0215F89221F3792C00FED60E /* Design Patterns */,
			);
		};
/* End PBXProject section */

/* Begin PBXSourcesBuildPhase section */
		0215F88F21F3792C00FED60E /* Sources */ = {
			isa = PBXSourcesBuildPhase;
			buildActionMask = 2147483647;
			files = (
				0215F8A221F37E2400FED60E /* OCP.swift in Sources */,
				0215F89721F3792C00FED60E /* main.swift in Sources */,
				02C44C2221F818F30040137C /* Builder.swift in Sources */,
				0215F89F21F379EB00FED60E /* SRP.swift in Sources */,
				09C8A7762215C7E50094A9F0 /* Factory.swift in Sources */,
				02C811B121F5EE57000F67F1 /* DIP.swift in Sources */,
				09368995221319A600A48A79 /* FluentBuilder.swift in Sources */,
				02C811AD21F5E8D3000F67F1 /* ISP.swift in Sources */,
				0936899922131FCC00A48A79 /* FacetedBuilder.swift in Sources */,
				0215F8A721F43EC700FED60E /* LSP.swift in Sources */,
			);
			runOnlyForDeploymentPostprocessing = 0;
		};
/* End PBXSourcesBuildPhase section */

/* Begin XCBuildConfiguration section */
		0215F89821F3792C00FED60E /* Debug */ = {
			isa = XCBuildConfiguration;
			buildSettings = {
				ALWAYS_SEARCH_USER_PATHS = NO;
				CLANG_ANALYZER_NONNULL = YES;
				CLANG_ANALYZER_NUMBER_OBJECT_CONVERSION = YES_AGGRESSIVE;
				CLANG_CXX_LANGUAGE_STANDARD = "gnu++14";
				CLANG_CXX_LIBRARY = "libc++";
				CLANG_ENABLE_MODULES = YES;
				CLANG_ENABLE_OBJC_ARC = YES;
				CLANG_ENABLE_OBJC_WEAK = YES;
				CLANG_WARN_BLOCK_CAPTURE_AUTORELEASING = YES;
				CLANG_WARN_BOOL_CONVERSION = YES;
				CLANG_WARN_COMMA = YES;
				CLANG_WARN_CONSTANT_CONVERSION = YES;
				CLANG_WARN_DEPRECATED_OBJC_IMPLEMENTATIONS = YES;
				CLANG_WARN_DIRECT_OBJC_ISA_USAGE = YES_ERROR;
				CLANG_WARN_DOCUMENTATION_COMMENTS = YES;
				CLANG_WARN_EMPTY_BODY = YES;
				CLANG_WARN_ENUM_CONVERSION = YES;
				CLANG_WARN_INFINITE_RECURSION = YES;
				CLANG_WARN_INT_CONVERSION = YES;
				CLANG_WARN_NON_LITERAL_NULL_CONVERSION = YES;
				CLANG_WARN_OBJC_IMPLICIT_RETAIN_SELF = YES;
				CLANG_WARN_OBJC_LITERAL_CONVERSION = YES;
				CLANG_WARN_OBJC_ROOT_CLASS = YES_ERROR;
				CLANG_WARN_RANGE_LOOP_ANALYSIS = YES;
				CLANG_WARN_STRICT_PROTOTYPES = YES;
				CLANG_WARN_SUSPICIOUS_MOVE = YES;
				CLANG_WARN_UNGUARDED_AVAILABILITY = YES_AGGRESSIVE;
				CLANG_WARN_UNREACHABLE_CODE = YES;
				CLANG_WARN__DUPLICATE_METHOD_MATCH = YES;
				CODE_SIGN_IDENTITY = "Mac Developer";
				COPY_PHASE_STRIP = NO;
				DEBUG_INFORMATION_FORMAT = dwarf;
				ENABLE_STRICT_OBJC_MSGSEND = YES;
				ENABLE_TESTABILITY = YES;
				GCC_C_LANGUAGE_STANDARD = gnu11;
				GCC_DYNAMIC_NO_PIC = NO;
				GCC_NO_COMMON_BLOCKS = YES;
				GCC_OPTIMIZATION_LEVEL = 0;
				GCC_PREPROCESSOR_DEFINITIONS = (
					"DEBUG=1",
					"$(inherited)",
				);
				GCC_WARN_64_TO_32_BIT_CONVERSION = YES;
				GCC_WARN_ABOUT_RETURN_TYPE = YES_ERROR;
				GCC_WARN_UNDECLARED_SELECTOR = YES;
				GCC_WARN_UNINITIALIZED_AUTOS = YES_AGGRESSIVE;
				GCC_WARN_UNUSED_FUNCTION = YES;
				GCC_WARN_UNUSED_VARIABLE = YES;
				MACOSX_DEPLOYMENT_TARGET = 10.14;
				MTL_ENABLE_DEBUG_INFO = INCLUDE_SOURCE;
				MTL_FAST_MATH = YES;
				ONLY_ACTIVE_ARCH = YES;
				SDKROOT = macosx;
				SWIFT_ACTIVE_COMPILATION_CONDITIONS = DEBUG;
				SWIFT_OPTIMIZATION_LEVEL = "-Onone";
			};
			name = Debug;
		};
		0215F89921F3792C00FED60E /* Release */ = {
			isa = XCBuildConfiguration;
			buildSettings = {
				ALWAYS_SEARCH_USER_PATHS = NO;
				CLANG_ANALYZER_NONNULL = YES;
				CLANG_ANALYZER_NUMBER_OBJECT_CONVERSION = YES_AGGRESSIVE;
				CLANG_CXX_LANGUAGE_STANDARD = "gnu++14";
				CLANG_CXX_LIBRARY = "libc++";
				CLANG_ENABLE_MODULES = YES;
				CLANG_ENABLE_OBJC_ARC = YES;
				CLANG_ENABLE_OBJC_WEAK = YES;
				CLANG_WARN_BLOCK_CAPTURE_AUTORELEASING = YES;
				CLANG_WARN_BOOL_CONVERSION = YES;
				CLANG_WARN_COMMA = YES;
				CLANG_WARN_CONSTANT_CONVERSION = YES;
				CLANG_WARN_DEPRECATED_OBJC_IMPLEMENTATIONS = YES;
				CLANG_WARN_DIRECT_OBJC_ISA_USAGE = YES_ERROR;
				CLANG_WARN_DOCUMENTATION_COMMENTS = YES;
				CLANG_WARN_EMPTY_BODY = YES;
				CLANG_WARN_ENUM_CONVERSION = YES;
				CLANG_WARN_INFINITE_RECURSION = YES;
				CLANG_WARN_INT_CONVERSION = YES;
				CLANG_WARN_NON_LITERAL_NULL_CONVERSION = YES;
				CLANG_WARN_OBJC_IMPLICIT_RETAIN_SELF = YES;
				CLANG_WARN_OBJC_LITERAL_CONVERSION = YES;
				CLANG_WARN_OBJC_ROOT_CLASS = YES_ERROR;
				CLANG_WARN_RANGE_LOOP_ANALYSIS = YES;
				CLANG_WARN_STRICT_PROTOTYPES = YES;
				CLANG_WARN_SUSPICIOUS_MOVE = YES;
				CLANG_WARN_UNGUARDED_AVAILABILITY = YES_AGGRESSIVE;
				CLANG_WARN_UNREACHABLE_CODE = YES;
				CLANG_WARN__DUPLICATE_METHOD_MATCH = YES;
				CODE_SIGN_IDENTITY = "Mac Developer";
				COPY_PHASE_STRIP = NO;
				DEBUG_INFORMATION_FORMAT = "dwarf-with-dsym";
				ENABLE_NS_ASSERTIONS = NO;
				ENABLE_STRICT_OBJC_MSGSEND = YES;
				GCC_C_LANGUAGE_STANDARD = gnu11;
				GCC_NO_COMMON_BLOCKS = YES;
				GCC_WARN_64_TO_32_BIT_CONVERSION = YES;
				GCC_WARN_ABOUT_RETURN_TYPE = YES_ERROR;
				GCC_WARN_UNDECLARED_SELECTOR = YES;
				GCC_WARN_UNINITIALIZED_AUTOS = YES_AGGRESSIVE;
				GCC_WARN_UNUSED_FUNCTION = YES;
				GCC_WARN_UNUSED_VARIABLE = YES;
				MACOSX_DEPLOYMENT_TARGET = 10.14;
				MTL_ENABLE_DEBUG_INFO = NO;
				MTL_FAST_MATH = YES;
				SDKROOT = macosx;
				SWIFT_COMPILATION_MODE = wholemodule;
				SWIFT_OPTIMIZATION_LEVEL = "-O";
			};
			name = Release;
		};
		0215F89B21F3792C00FED60E /* Debug */ = {
			isa = XCBuildConfiguration;
			buildSettings = {
				CODE_SIGN_STYLE = Automatic;
				DEVELOPMENT_TEAM = YJV9TQXB4X;
				PRODUCT_NAME = "$(TARGET_NAME)";
				SWIFT_VERSION = 4.2;
			};
			name = Debug;
		};
		0215F89C21F3792C00FED60E /* Release */ = {
			isa = XCBuildConfiguration;
			buildSettings = {
				CODE_SIGN_STYLE = Automatic;
				DEVELOPMENT_TEAM = YJV9TQXB4X;
				PRODUCT_NAME = "$(TARGET_NAME)";
				SWIFT_VERSION = 4.2;
			};
			name = Release;
		};
/* End XCBuildConfiguration section */

/* Begin XCConfigurationList section */
		0215F88E21F3792C00FED60E /* Build configuration list for PBXProject "Design Patterns" */ = {
			isa = XCConfigurationList;
			buildConfigurations = (
				0215F89821F3792C00FED60E /* Debug */,
				0215F89921F3792C00FED60E /* Release */,
			);
			defaultConfigurationIsVisible = 0;
			defaultConfigurationName = Release;
		};
		0215F89A21F3792C00FED60E /* Build configuration list for PBXNativeTarget "Design Patterns" */ = {
			isa = XCConfigurationList;
			buildConfigurations = (
				0215F89B21F3792C00FED60E /* Debug */,
				0215F89C21F3792C00FED60E /* Release */,
			);
			defaultConfigurationIsVisible = 0;
			defaultConfigurationName = Release;
		};
/* End XCConfigurationList section */
	};
	rootObject = 0215F88B21F3792C00FED60E /* Project object */;
}
